
Microsoft Visual Studio Solution File, Format Version 12.00
# Visual Studio Version 17
VisualStudioVersion = 17.2.32616.157
MinimumVisualStudioVersion = 10.0.40219.1
Project("{FAE04EC0-301F-11D3-BF4B-00C04F79EFBC}") = "custom", "custom\custom.csproj", "{D9844536-18E5-4726-A5A5-C5542131E2CD}"
EndProject
Global
	GlobalSection(SolutionConfigurationPlatforms) = preSolution
		Debug|Any CPU = Debug|Any CPU
		Release|Any CPU = Release|Any CPU
	EndGlobalSection
	GlobalSection(ProjectConfigurationPlatforms) = postSolution
		{D9844536-18E5-4726-A5A5-C5542131E2CD}.Debug|Any CPU.ActiveCfg = Debug|Any CPU
		{D9844536-18E5-4726-A5A5-C5542131E2CD}.Debug|Any CPU.Build.0 = Debug|Any CPU
		{D9844536-18E5-4726-A5A5-C5542131E2CD}.Release|Any CPU.ActiveCfg = Release|Any CPU
		{D9844536-18E5-4726-A5A5-C5542131E2CD}.Release|Any CPU.Build.0 = Release|Any CPU
	EndGlobalSection
	GlobalSection(SolutionProperties) = preSolution
		HideSolutionNode = FALSE
	EndGlobalSection
	GlobalSection(ExtensibilityGlobals) = postSolution
		SolutionGuid = {6ED81E26-FE33-41E4-B1CC-E68E4CE8D1C5}
	EndGlobalSection
EndGlobal
